
Microsoft Visual Studio Solution File, Format Version 12.00
# Visual Studio Version 16
VisualStudioVersion = 16.0.29306.81
MinimumVisualStudioVersion = 10.0.40219.1
Project("{FAE04EC0-301F-11D3-BF4B-00C04F79EFBC}") = "IMC", "IMC.csproj", "{91500CDE-5081-4588-8C0C-7BB98EF2D599}"
EndProject
Global
	GlobalSection(SolutionConfigurationPlatforms) = preSolution
		Debug|Any CPU = Debug|Any CPU
		Release|Any CPU = Release|Any CPU
	EndGlobalSection
	GlobalSection(ProjectConfigurationPlatforms) = postSolution
		{91500CDE-5081-4588-8C0C-7BB98EF2D599}.Debug|Any CPU.ActiveCfg = Debug|Any CPU
		{91500CDE-5081-4588-8C0C-7BB98EF2D599}.Debug|Any CPU.Build.0 = Debug|Any CPU
		{91500CDE-5081-4588-8C0C-7BB98EF2D599}.Release|Any CPU.ActiveCfg = Release|Any CPU
		{91500CDE-5081-4588-8C0C-7BB98EF2D599}.Release|Any CPU.Build.0 = Release|Any CPU
	EndGlobalSection
	GlobalSection(SolutionProperties) = preSolution
		HideSolutionNode = FALSE
	EndGlobalSection
	GlobalSection(ExtensibilityGlobals) = postSolution
		SolutionGuid = {F7AC9988-700D-4C8A-BA61-A3BEA172EC2A}
	EndGlobalSection
EndGlobal
